
Microsoft Visual Studio Solution File, Format Version 12.00
# Visual Studio 15
VisualStudioVersion = 15.0.27130.2003
MinimumVisualStudioVersion = 10.0.40219.1
Project("{9A19103F-16F7-4668-BE54-9A1E7A4F7556}") = "Valkirya-Project.WebApp", "Valkirya-Project.WebApp\Valkirya-Project.WebApp.csproj", "{3645A6DB-4C90-4014-80D7-8F7C0F0C960B}"
EndProject
Global
	GlobalSection(SolutionConfigurationPlatforms) = preSolution
		Debug|Any CPU = Debug|Any CPU
		Release|Any CPU = Release|Any CPU
	EndGlobalSection
	GlobalSection(ProjectConfigurationPlatforms) = postSolution
		{3645A6DB-4C90-4014-80D7-8F7C0F0C960B}.Debug|Any CPU.ActiveCfg = Debug|Any CPU
		{3645A6DB-4C90-4014-80D7-8F7C0F0C960B}.Debug|Any CPU.Build.0 = Debug|Any CPU
		{3645A6DB-4C90-4014-80D7-8F7C0F0C960B}.Release|Any CPU.ActiveCfg = Release|Any CPU
		{3645A6DB-4C90-4014-80D7-8F7C0F0C960B}.Release|Any CPU.Build.0 = Release|Any CPU
	EndGlobalSection
	GlobalSection(SolutionProperties) = preSolution
		HideSolutionNode = FALSE
	EndGlobalSection
	GlobalSection(ExtensibilityGlobals) = postSolution
		SolutionGuid = {B2F7DEFD-8043-49C5-A91C-4AFA6E51FD88}
	EndGlobalSection
EndGlobal
